<?xml version="1.0" encoding="utf-8"?>
<Project ToolsVersion="4.0" xmlns="http://schemas.microsoft.com/developer/msbuild/2003">
  <ItemGroup>
    <Filter Include="normal">
      <UniqueIdentifier>{c313afc1-8e0e-4550-b49d-9fe38eef6703}</UniqueIdentifier>
    </Filter>
    <Filter Include="docs">
      <UniqueIdentifier>{d99725d4-65d9-4afa-982b-2a17cec638a3}</UniqueIdentifier>
    </Filter>
    <Filter Include="yuki_basic">
      <UniqueIdentifier>{16a164e8-9e28-4e93-b2a3-9458128991a4}</UniqueIdentifier>
    </Filter>
    <Filter Include="yuki_structure">
      <UniqueIdentifier>{0cc8324a-f440-41ba-97f7-afff2dc1efb9}</UniqueIdentifier>
    </Filter>
    <Filter Include="yuki_structure\list">
      <UniqueIdentifier>{f2c8c6f5-3929-4c98-8de3-1598c165362e}</UniqueIdentifier>
    </Filter>
    <Filter Include="yuki_structure\block">
      <UniqueIdentifier>{388005d7-39bf-4a01-aff5-8a01dd784933}</UniqueIdentifier>
    </Filter>
    <Filter Include="yuki_structure\image">
      <UniqueIdentifier>{c93f6ba0-98a6-43df-8b65-6f62656b918a}</UniqueIdentifier>
    </Filter>
    <Filter Include="yuki_structure\table">
      <UniqueIdentifier>{eadbfe80-ce2d-49c8-8342-efe9a0727fe4}</UniqueIdentifier>
    </Filter>
    <Filter Include="yuki_structure\formula">
      <UniqueIdentifier>{3ab0a31f-3850-4c10-a409-0579ddae4a05}</UniqueIdentifier>
    </Filter>
    <Filter Include="yuki_structure\inline">
      <UniqueIdentifier>{e30dca0d-650f-473b-9395-b670c1a06f53}</UniqueIdentifier>
    </Filter>
    <Filter Include="utils">
      <UniqueIdentifier>{45538a4c-d8ac-48f7-8479-c86c06311c98}</UniqueIdentifier>
    </Filter>
    <Filter Include="utils\string">
      <UniqueIdentifier>{08695f69-3daf-4a8b-b904-7c13ae808c21}</UniqueIdentifier>
    </Filter>
    <Filter Include="utils\match &amp; reader">
      <UniqueIdentifier>{e626b2f8-c496-4d03-ae67-43434465490d}</UniqueIdentifier>
    </Filter>
    <Filter Include="yuki_generator">
      <UniqueIdentifier>{ab641550-fd1a-48e1-bcb0-13a1fd78330b}</UniqueIdentifier>
    </Filter>
    <Filter Include="yuki_generator\yuki_html5_generator">
      <UniqueIdentifier>{41557f2a-d7a8-452e-bbf3-bc0da4273579}</UniqueIdentifier>
    </Filter>
    <Filter Include="yuki_structure\title">
      <UniqueIdentifier>{fcd3915b-a9ba-4850-965f-8c6e48a391ff}</UniqueIdentifier>
    </Filter>
    <Filter Include="yuki_generator\yuki_docx_generator">
      <UniqueIdentifier>{787ba496-b1ec-425c-ab10-c5198b1d71a7}</UniqueIdentifier>
    </Filter>
    <Filter Include="yuki_generator\yuki_pdf_generator">
      <UniqueIdentifier>{abb07fcb-dc19-4d50-aeaf-09765104b891}</UniqueIdentifier>
    </Filter>
    <Filter Include="yuki_generator\yuki_latex_generator">
      <UniqueIdentifier>{eff7cf4e-df44-4198-a452-3a58800c5ff3}</UniqueIdentifier>
    </Filter>
    <Filter Include="yuki_structure\inline\format_markup">
      <UniqueIdentifier>{9af9d2f6-3199-40f3-a19b-c15472e680f4}</UniqueIdentifier>
    </Filter>
    <Filter Include="yuki_structure\inline\struct_markup">
      <UniqueIdentifier>{31367ceb-7265-4a81-b10f-333a0a5d921c}</UniqueIdentifier>
    </Filter>
    <Filter Include="yuki_structure\block\explicit_markup_block">
      <UniqueIdentifier>{1e2aca67-4cf6-4977-85b8-b71f4b36017c}</UniqueIdentifier>
    </Filter>
    <Filter Include="utils\symbol table">
      <UniqueIdentifier>{081c385e-ef6c-414b-86ef-5c56a3b1c54a}</UniqueIdentifier>
    </Filter>
    <Filter Include="yuki_structure\inline\assistance">
      <UniqueIdentifier>{06d25cdb-952b-4ac1-9240-6a7a594a4ae0}</UniqueIdentifier>
    </Filter>
    <Filter Include="yuki_structure\block\explicit_markup_block\directives">
      <UniqueIdentifier>{1e781a75-75a2-4e31-b127-037f4a7fb5a3}</UniqueIdentifier>
    </Filter>
    <Filter Include="utils\tools">
      <UniqueIdentifier>{bfb6045f-1c3d-449a-bb9b-83493646ddf2}</UniqueIdentifier>
    </Filter>
    <Filter Include="utils\managers &amp; collections">
      <UniqueIdentifier>{cda74e1e-7ee6-4d96-b821-22461d3b7d9e}</UniqueIdentifier>
    </Filter>
    <Filter Include="yuki_node">
      <UniqueIdentifier>{47b032f0-13d6-4c70-aeeb-2f2e9b9a16e3}</UniqueIdentifier>
    </Filter>
    <Filter Include="yuki_node\block">
      <UniqueIdentifier>{8c637b68-22d5-43cd-bcb4-385008c36aa6}</UniqueIdentifier>
    </Filter>
    <Filter Include="yuki_node\formula">
      <UniqueIdentifier>{ad3544bf-67a3-4319-80f9-7f7c9ffa9927}</UniqueIdentifier>
    </Filter>
    <Filter Include="yuki_node\image">
      <UniqueIdentifier>{2f312c22-c5c0-4ba5-93de-7aeeb957de2c}</UniqueIdentifier>
    </Filter>
    <Filter Include="yuki_node\inline">
      <UniqueIdentifier>{29324b87-8f51-4da7-a34a-d3e27553084d}</UniqueIdentifier>
    </Filter>
    <Filter Include="yuki_node\list">
      <UniqueIdentifier>{6c61676a-2571-4b37-9038-81f94cbba4f5}</UniqueIdentifier>
    </Filter>
    <Filter Include="yuki_node\table">
      <UniqueIdentifier>{51791995-05d2-4ded-be00-32052e387597}</UniqueIdentifier>
    </Filter>
    <Filter Include="yuki_node\title">
      <UniqueIdentifier>{c7100bf8-7c08-4023-adb3-edbf60de99cc}</UniqueIdentifier>
    </Filter>
    <Filter Include="yuki_structure\outline">
      <UniqueIdentifier>{090fea78-9ae6-4163-9bae-12673a5c96b9}</UniqueIdentifier>
    </Filter>
    <Filter Include="yuki_node\outline">
      <UniqueIdentifier>{4dcfccbe-73f0-4cf8-9dc8-b44a933cb379}</UniqueIdentifier>
    </Filter>
  </ItemGroup>
  <ItemGroup>
    <ClInclude Include="stdafx.h">
      <Filter>normal</Filter>
    </ClInclude>
    <ClInclude Include="targetver.h">
      <Filter>normal</Filter>
    </ClInclude>
    <ClInclude Include="yuki_directive.h">
      <Filter>yuki_basic</Filter>
    </ClInclude>
    <ClInclude Include="yuki.h">
      <Filter>yuki_basic</Filter>
    </ClInclude>
    <ClInclude Include="yuki_interpreter.h">
      <Filter>yuki_basic</Filter>
    </ClInclude>
    <ClInclude Include="yuki_rst_quote_block.h">
      <Filter>yuki_structure\block</Filter>
    </ClInclude>
    <ClInclude Include="yuki_quote_block.h">
      <Filter>yuki_structure\block</Filter>
    </ClInclude>
    <ClInclude Include="yuki_paragraph.h">
      <Filter>yuki_structure\block</Filter>
    </ClInclude>
    <ClInclude Include="yuki_inline_block.h">
      <Filter>yuki_structure\inline</Filter>
    </ClInclude>
    <ClInclude Include="yuki_inline_markup.h">
      <Filter>yuki_structure\inline</Filter>
    </ClInclude>
    <ClInclude Include="yuki_internal_types.h">
      <Filter>yuki_basic</Filter>
    </ClInclude>
    <ClInclude Include="yuki_file_string.h">
      <Filter>utils\string</Filter>
    </ClInclude>
    <ClInclude Include="yuki_line_string.h">
      <Filter>utils\string</Filter>
    </ClInclude>
    <ClInclude Include="yuki_region_string.h">
      <Filter>utils\string</Filter>
    </ClInclude>
    <ClInclude Include="yuki_file_reader.h">
      <Filter>utils\match &amp; reader</Filter>
    </ClInclude>
    <ClInclude Include="yuki_generator.h">
      <Filter>yuki_generator</Filter>
    </ClInclude>
    <ClInclude Include="yuki_memo_pools.h">
      <Filter>utils\managers &amp; collections</Filter>
    </ClInclude>
    <ClInclude Include="yuki_md_header.h">
      <Filter>yuki_structure\title</Filter>
    </ClInclude>
    <ClInclude Include="yuki_rst_header.h">
      <Filter>yuki_structure\title</Filter>
    </ClInclude>
    <ClInclude Include="yuki_inline_code.h">
      <Filter>yuki_structure\inline\format_markup</Filter>
    </ClInclude>
    <ClInclude Include="yuki_inline_emphasis.h">
      <Filter>yuki_structure\inline\format_markup</Filter>
    </ClInclude>
    <ClInclude Include="yuki_inline_strong.h">
      <Filter>yuki_structure\inline\format_markup</Filter>
    </ClInclude>
    <ClInclude Include="yuki_inline_key.h">
      <Filter>yuki_structure\inline\format_markup</Filter>
    </ClInclude>
    <ClInclude Include="yuki_inline_deleted.h">
      <Filter>yuki_structure\inline\format_markup</Filter>
    </ClInclude>
    <ClInclude Include="yuki_inline_underline.h">
      <Filter>yuki_structure\inline\format_markup</Filter>
    </ClInclude>
    <ClInclude Include="yuki_inline_format.h">
      <Filter>yuki_structure\inline\format_markup</Filter>
    </ClInclude>
    <ClInclude Include="yuki_inline_marked.h">
      <Filter>yuki_structure\inline\format_markup</Filter>
    </ClInclude>
    <ClInclude Include="yuki_inline_bold_italic.h">
      <Filter>yuki_structure\inline\format_markup</Filter>
    </ClInclude>
    <ClInclude Include="yuki_inline_sup.h">
      <Filter>yuki_structure\inline\format_markup</Filter>
    </ClInclude>
    <ClInclude Include="yuki_inline_sub.h">
      <Filter>yuki_structure\inline\format_markup</Filter>
    </ClInclude>
    <ClInclude Include="yuki_explicit_markup.h">
      <Filter>yuki_structure\block\explicit_markup_block</Filter>
    </ClInclude>
    <ClInclude Include="yuki_comment.h">
      <Filter>yuki_structure\block\explicit_markup_block</Filter>
    </ClInclude>
    <ClInclude Include="yuki_footnote_citation_definition.h">
      <Filter>yuki_structure\block\explicit_markup_block</Filter>
    </ClInclude>
    <ClInclude Include="yuki_symbol_table.h">
      <Filter>utils\symbol table</Filter>
    </ClInclude>
    <ClInclude Include="yuki_target_table.h">
      <Filter>utils\symbol table</Filter>
    </ClInclude>
    <ClInclude Include="yuki_reserved_text.h">
      <Filter>yuki_structure\inline\assistance</Filter>
    </ClInclude>
    <ClInclude Include="yuki_plain_text.h">
      <Filter>yuki_structure\inline\assistance</Filter>
    </ClInclude>
    <ClInclude Include="yuki_simple_reference_name.h">
      <Filter>yuki_structure\inline\assistance</Filter>
    </ClInclude>
    <ClInclude Include="yuki_hyperlink_target.h">
      <Filter>yuki_structure\block\explicit_markup_block</Filter>
    </ClInclude>
    <ClInclude Include="yuki_link_uri.h">
      <Filter>yuki_structure\inline\assistance</Filter>
    </ClInclude>
    <ClInclude Include="yuki_substitution_definition.h">
      <Filter>yuki_structure\block\explicit_markup_block</Filter>
    </ClInclude>
    <ClInclude Include="yuki_directives.h">
      <Filter>yuki_structure\block\explicit_markup_block</Filter>
    </ClInclude>
    <ClInclude Include="yuki_md_literal_block.h">
      <Filter>yuki_structure\block</Filter>
    </ClInclude>
    <ClInclude Include="yuki_doctest_block.h">
      <Filter>yuki_structure\block</Filter>
    </ClInclude>
    <ClInclude Include="yuki_md_quote_block.h">
      <Filter>yuki_structure\block</Filter>
    </ClInclude>
    <ClInclude Include="yuki_region_manager.h">
      <Filter>utils\managers &amp; collections</Filter>
    </ClInclude>
    <ClInclude Include="yuki_object_allocator.h">
      <Filter>utils\managers &amp; collections</Filter>
    </ClInclude>
    <ClInclude Include="yuki_line_string_manager.h">
      <Filter>utils\managers &amp; collections</Filter>
    </ClInclude>
    <ClInclude Include="yuki_string_match.h">
      <Filter>utils\match &amp; reader</Filter>
    </ClInclude>
    <ClInclude Include="yuki_tool_kit.h">
      <Filter>utils\tools</Filter>
    </ClInclude>
    <ClInclude Include="yuki_settings.h">
      <Filter>yuki_basic</Filter>
    </ClInclude>
    <ClInclude Include="yuki_session.h">
      <Filter>yuki_basic</Filter>
    </ClInclude>
    <ClInclude Include="yuki_string_hashmap.h">
      <Filter>utils\tools</Filter>
    </ClInclude>
    <ClInclude Include="yuki_names.h">
      <Filter>yuki_basic</Filter>
    </ClInclude>
    <ClInclude Include="yuki_node.h">
      <Filter>yuki_node</Filter>
    </ClInclude>
    <ClInclude Include="yuki_types.h">
      <Filter>yuki_basic</Filter>
    </ClInclude>
    <ClInclude Include="yuki_document.h">
      <Filter>yuki_structure\outline</Filter>
    </ClInclude>
    <ClInclude Include="yuki_body.h">
      <Filter>yuki_structure\outline</Filter>
    </ClInclude>
    <ClInclude Include="yuki_section.h">
      <Filter>yuki_structure\outline</Filter>
    </ClInclude>
    <ClInclude Include="yuki_document_node.h">
      <Filter>yuki_node\outline</Filter>
    </ClInclude>
    <ClInclude Include="yuki_structure_parser.h">
      <Filter>yuki_structure</Filter>
    </ClInclude>
    <ClInclude Include="yuki_structure_parser_collection.h">
      <Filter>utils\managers &amp; collections</Filter>
    </ClInclude>
    <ClInclude Include="yuki_body_node.h">
      <Filter>yuki_node\outline</Filter>
    </ClInclude>
  </ItemGroup>
  <ItemGroup>
    <ClCompile Include="stdafx.cpp">
      <Filter>normal</Filter>
    </ClCompile>
    <ClCompile Include="yuki_interpreter.cpp">
      <Filter>yuki_basic</Filter>
    </ClCompile>
    <ClCompile Include="yuki_rst_quote_block.cpp">
      <Filter>yuki_structure\block</Filter>
    </ClCompile>
    <ClCompile Include="yuki_quote_block.cpp">
      <Filter>yuki_structure\block</Filter>
    </ClCompile>
    <ClCompile Include="yuki_paragraph.cpp">
      <Filter>yuki_structure\block</Filter>
    </ClCompile>
    <ClCompile Include="yuki_inline_block.cpp">
      <Filter>yuki_structure\inline</Filter>
    </ClCompile>
    <ClCompile Include="yuki_inline_markup.cpp">
      <Filter>yuki_structure\inline</Filter>
    </ClCompile>
    <ClCompile Include="yuki_file_string.cpp">
      <Filter>utils\string</Filter>
    </ClCompile>
    <ClCompile Include="yuki_line_string.cpp">
      <Filter>utils\string</Filter>
    </ClCompile>
    <ClCompile Include="yuki_region_string.cpp">
      <Filter>utils\string</Filter>
    </ClCompile>
    <ClCompile Include="yuki_internal_types.cpp">
      <Filter>yuki_basic</Filter>
    </ClCompile>
    <ClCompile Include="yuki_file_reader.cpp">
      <Filter>utils\match &amp; reader</Filter>
    </ClCompile>
    <ClCompile Include="yuki_generator.cpp">
      <Filter>yuki_generator</Filter>
    </ClCompile>
    <ClCompile Include="yuki_memo_pools.cpp">
      <Filter>utils\managers &amp; collections</Filter>
    </ClCompile>
    <ClCompile Include="yuki_md_header.cpp">
      <Filter>yuki_structure\title</Filter>
    </ClCompile>
    <ClCompile Include="yuki_rst_header.cpp">
      <Filter>yuki_structure\title</Filter>
    </ClCompile>
    <ClCompile Include="yuki_inline_code.cpp">
      <Filter>yuki_structure\inline\format_markup</Filter>
    </ClCompile>
    <ClCompile Include="yuki_inline_emphasis.cpp">
      <Filter>yuki_structure\inline\format_markup</Filter>
    </ClCompile>
    <ClCompile Include="yuki_inline_strong.cpp">
      <Filter>yuki_structure\inline\format_markup</Filter>
    </ClCompile>
    <ClCompile Include="yuki_inline_key.cpp">
      <Filter>yuki_structure\inline\format_markup</Filter>
    </ClCompile>
    <ClCompile Include="yuki_inline_deleted.cpp">
      <Filter>yuki_structure\inline\format_markup</Filter>
    </ClCompile>
    <ClCompile Include="yuki_inline_underline.cpp">
      <Filter>yuki_structure\inline\format_markup</Filter>
    </ClCompile>
    <ClCompile Include="yuki_inline_format.cpp">
      <Filter>yuki_structure\inline\format_markup</Filter>
    </ClCompile>
    <ClCompile Include="yuki_inline_marked.cpp">
      <Filter>yuki_structure\inline\format_markup</Filter>
    </ClCompile>
    <ClCompile Include="yuki_inline_bold_italic.cpp">
      <Filter>yuki_structure\inline\format_markup</Filter>
    </ClCompile>
    <ClCompile Include="yuki_inline_sup.cpp">
      <Filter>yuki_structure\inline\format_markup</Filter>
    </ClCompile>
    <ClCompile Include="yuki_inline_sub.cpp">
      <Filter>yuki_structure\inline\format_markup</Filter>
    </ClCompile>
    <ClCompile Include="yuki_explicit_markup.cpp">
      <Filter>yuki_structure\block\explicit_markup_block</Filter>
    </ClCompile>
    <ClCompile Include="yuki_comment.cpp">
      <Filter>yuki_structure\block\explicit_markup_block</Filter>
    </ClCompile>
    <ClCompile Include="yuki_footnote_citation_definition.cpp">
      <Filter>yuki_structure\block\explicit_markup_block</Filter>
    </ClCompile>
    <ClCompile Include="yuki_symbol_table.cpp">
      <Filter>utils\symbol table</Filter>
    </ClCompile>
    <ClCompile Include="yuki_target_table.cpp">
      <Filter>utils\symbol table</Filter>
    </ClCompile>
    <ClCompile Include="yuki_reserved_text.cpp">
      <Filter>yuki_structure\inline\assistance</Filter>
    </ClCompile>
    <ClCompile Include="yuki_plain_text.cpp">
      <Filter>yuki_structure\inline\assistance</Filter>
    </ClCompile>
    <ClCompile Include="yuki_simple_reference_name.cpp">
      <Filter>yuki_structure\inline\assistance</Filter>
    </ClCompile>
    <ClCompile Include="yuki_hyperlink_target.cpp">
      <Filter>yuki_structure\block\explicit_markup_block</Filter>
    </ClCompile>
    <ClCompile Include="yuki_link_uri.cpp">
      <Filter>yuki_structure\inline\assistance</Filter>
    </ClCompile>
    <ClCompile Include="yuki_substitution_definition.cpp">
      <Filter>yuki_structure\block\explicit_markup_block</Filter>
    </ClCompile>
    <ClCompile Include="yuki_directives.cpp">
      <Filter>yuki_structure\block\explicit_markup_block</Filter>
    </ClCompile>
    <ClCompile Include="yuki_md_literal_block.cpp">
      <Filter>yuki_structure\block</Filter>
    </ClCompile>
    <ClCompile Include="yuki_doctest_block.cpp">
      <Filter>yuki_structure\block</Filter>
    </ClCompile>
    <ClCompile Include="yuki_md_quote_block.cpp">
      <Filter>yuki_structure\block</Filter>
    </ClCompile>
    <ClCompile Include="yuki_region_manager.cpp">
      <Filter>utils\managers &amp; collections</Filter>
    </ClCompile>
    <ClCompile Include="yuki_object_allocator.cpp">
      <Filter>utils\managers &amp; collections</Filter>
    </ClCompile>
    <ClCompile Include="yuki_line_string_manager.cpp">
      <Filter>utils\managers &amp; collections</Filter>
    </ClCompile>
    <ClCompile Include="yuki_string_match.cpp">
      <Filter>utils\match &amp; reader</Filter>
    </ClCompile>
    <ClCompile Include="yuki_tool_kit.cpp">
      <Filter>utils\tools</Filter>
    </ClCompile>
    <ClCompile Include="yuki_settings.cpp">
      <Filter>yuki_basic</Filter>
    </ClCompile>
    <ClCompile Include="yuki_session.cpp">
      <Filter>yuki_basic</Filter>
    </ClCompile>
    <ClCompile Include="yuki_node.cpp">
      <Filter>yuki_node</Filter>
    </ClCompile>
    <ClCompile Include="yuki_document.cpp">
      <Filter>yuki_structure\outline</Filter>
    </ClCompile>
    <ClCompile Include="yuki_body.cpp">
      <Filter>yuki_structure\outline</Filter>
    </ClCompile>
    <ClCompile Include="yuki_section.cpp">
      <Filter>yuki_structure\outline</Filter>
    </ClCompile>
    <ClCompile Include="yuki_document_node.cpp">
      <Filter>yuki_node\outline</Filter>
    </ClCompile>
    <ClCompile Include="yuki_structure_parser.cpp">
      <Filter>yuki_structure</Filter>
    </ClCompile>
    <ClCompile Include="yuki_structure_parser_collection.cpp">
      <Filter>utils\managers &amp; collections</Filter>
    </ClCompile>
    <ClCompile Include="yuki_body_node.cpp">
      <Filter>yuki_node\outline</Filter>
    </ClCompile>
  </ItemGroup>
  <ItemGroup>
    <None Include="orgnization.md">
      <Filter>docs</Filter>
    </None>
  </ItemGroup>
</Project>